
Microsoft Visual Studio Solution File, Format Version 12.00
# Visual Studio Version 17
VisualStudioVersion = 17.1.32414.318
MinimumVisualStudioVersion = 10.0.40219.1
Project("{FAE04EC0-301F-11D3-BF4B-00C04F79EFBC}") = "MovieMatch", "MovieMatch\MovieMatch.csproj", "{CFA470D9-E977-4916-B23A-B94590CF6E4B}"
EndProject
Global
	GlobalSection(SolutionConfigurationPlatforms) = preSolution
		Debug|Any CPU = Debug|Any CPU
		Release|Any CPU = Release|Any CPU
	EndGlobalSection
	GlobalSection(ProjectConfigurationPlatforms) = postSolution
		{CFA470D9-E977-4916-B23A-B94590CF6E4B}.Debug|Any CPU.ActiveCfg = Debug|Any CPU
		{CFA470D9-E977-4916-B23A-B94590CF6E4B}.Debug|Any CPU.Build.0 = Debug|Any CPU
		{CFA470D9-E977-4916-B23A-B94590CF6E4B}.Release|Any CPU.ActiveCfg = Release|Any CPU
		{CFA470D9-E977-4916-B23A-B94590CF6E4B}.Release|Any CPU.Build.0 = Release|Any CPU
	EndGlobalSection
	GlobalSection(SolutionProperties) = preSolution
		HideSolutionNode = FALSE
	EndGlobalSection
	GlobalSection(ExtensibilityGlobals) = postSolution
		SolutionGuid = {2E8FFDF2-B1EA-4239-A739-6CBE91F6335C}
	EndGlobalSection
EndGlobal
